
Microsoft Visual Studio Solution File, Format Version 12.00
# Visual Studio Version 17
VisualStudioVersion = 17.1.32421.90
MinimumVisualStudioVersion = 10.0.40219.1
Project("{9A19103F-16F7-4668-BE54-9A1E7A4F7556}") = "FortiGateBackupTool", "FortiGateBackupTool.csproj", "{39262595-8E90-4D91-A4FB-5B35F5D20F22}"
EndProject
Global
	GlobalSection(SolutionConfigurationPlatforms) = preSolution
		Debug|Any CPU = Debug|Any CPU
		Release|Any CPU = Release|Any CPU
	EndGlobalSection
	GlobalSection(ProjectConfigurationPlatforms) = postSolution
		{39262595-8E90-4D91-A4FB-5B35F5D20F22}.Debug|Any CPU.ActiveCfg = Debug|Any CPU
		{39262595-8E90-4D91-A4FB-5B35F5D20F22}.Debug|Any CPU.Build.0 = Debug|Any CPU
		{39262595-8E90-4D91-A4FB-5B35F5D20F22}.Release|Any CPU.ActiveCfg = Release|Any CPU
		{39262595-8E90-4D91-A4FB-5B35F5D20F22}.Release|Any CPU.Build.0 = Release|Any CPU
	EndGlobalSection
	GlobalSection(SolutionProperties) = preSolution
		HideSolutionNode = FALSE
	EndGlobalSection
	GlobalSection(ExtensibilityGlobals) = postSolution
		SolutionGuid = {544A70B2-03BF-4250-BD8A-B6D86193E07E}
	EndGlobalSection
EndGlobal
